
Microsoft Visual Studio Solution File, Format Version 12.00
# Visual Studio 15
VisualStudioVersion = 15.0.28307.168
MinimumVisualStudioVersion = 10.0.40219.1
Project("{FAE04EC0-301F-11D3-BF4B-00C04F79EFBC}") = "EfFluentApiCodeFirst", "EfFluentApiCodeFirst\EfFluentApiCodeFirst.csproj", "{82B16296-BA0E-4B04-99F2-4F552ABBDD68}"
EndProject
Global
	GlobalSection(SolutionConfigurationPlatforms) = preSolution
		Debug|Any CPU = Debug|Any CPU
		Release|Any CPU = Release|Any CPU
	EndGlobalSection
	GlobalSection(ProjectConfigurationPlatforms) = postSolution
		{82B16296-BA0E-4B04-99F2-4F552ABBDD68}.Debug|Any CPU.ActiveCfg = Debug|Any CPU
		{82B16296-BA0E-4B04-99F2-4F552ABBDD68}.Debug|Any CPU.Build.0 = Debug|Any CPU
		{82B16296-BA0E-4B04-99F2-4F552ABBDD68}.Release|Any CPU.ActiveCfg = Release|Any CPU
		{82B16296-BA0E-4B04-99F2-4F552ABBDD68}.Release|Any CPU.Build.0 = Release|Any CPU
	EndGlobalSection
	GlobalSection(SolutionProperties) = preSolution
		HideSolutionNode = FALSE
	EndGlobalSection
	GlobalSection(ExtensibilityGlobals) = postSolution
		SolutionGuid = {F4E0AF1B-C9AC-4B50-8098-0174CB09A01A}
	EndGlobalSection
EndGlobal
